
Microsoft Visual Studio Solution File, Format Version 12.00
# Visual Studio 2017
Project("{FAE04EC0-301F-11D3-BF4B-00C04F79EFBC}") = "Bow VS Them", "Bow VS Them.csproj", "{B773729B-F748-78E2-22FE-480A7C9D4EB3}"
EndProject
Project("{FAE04EC0-301F-11D3-BF4B-00C04F79EFBC}") = "Bow VS Them.Editor", "Bow VS Them.Editor.csproj", "{C0502DE9-1CA6-CF91-D2D3-7FE4793A103A}"
EndProject
Global
	GlobalSection(SolutionConfigurationPlatforms) = preSolution
		Debug|Any CPU = Debug|Any CPU
		Release|Any CPU = Release|Any CPU
	EndGlobalSection
	GlobalSection(ProjectConfigurationPlatforms) = postSolution
		{B773729B-F748-78E2-22FE-480A7C9D4EB3}.Debug|Any CPU.ActiveCfg = Debug|Any CPU
		{B773729B-F748-78E2-22FE-480A7C9D4EB3}.Debug|Any CPU.Build.0 = Debug|Any CPU
		{B773729B-F748-78E2-22FE-480A7C9D4EB3}.Release|Any CPU.ActiveCfg = Release|Any CPU
		{B773729B-F748-78E2-22FE-480A7C9D4EB3}.Release|Any CPU.Build.0 = Release|Any CPU
		{C0502DE9-1CA6-CF91-D2D3-7FE4793A103A}.Debug|Any CPU.ActiveCfg = Debug|Any CPU
		{C0502DE9-1CA6-CF91-D2D3-7FE4793A103A}.Debug|Any CPU.Build.0 = Debug|Any CPU
		{C0502DE9-1CA6-CF91-D2D3-7FE4793A103A}.Release|Any CPU.ActiveCfg = Release|Any CPU
		{C0502DE9-1CA6-CF91-D2D3-7FE4793A103A}.Release|Any CPU.Build.0 = Release|Any CPU
	EndGlobalSection
	GlobalSection(SolutionProperties) = preSolution
		HideSolutionNode = FALSE
	EndGlobalSection
EndGlobal
